
Microsoft Visual Studio Solution File, Format Version 12.00
# Visual Studio 14
VisualStudioVersion = 14.0.25420.1
MinimumVisualStudioVersion = 10.0.40219.1
Project("{FAE04EC0-301F-11D3-BF4B-00C04F79EFBC}") = "ThreadSupport", "ThreadSupport.csproj", "{9BF57D9B-5B0C-4575-BD9F-088D4B500665}"
EndProject
Project("{FAE04EC0-301F-11D3-BF4B-00C04F79EFBC}") = "ThreadSupport.Test", "ThreadSupport.Test\ThreadSupport.Test.csproj", "{ABFBAE9B-18B6-491B-9AA6-BB846850E239}"
EndProject
Global
	GlobalSection(SolutionConfigurationPlatforms) = preSolution
		Debug|Any CPU = Debug|Any CPU
		Debug|x64 = Debug|x64
		Release|Any CPU = Release|Any CPU
		Release|x64 = Release|x64
	EndGlobalSection
	GlobalSection(ProjectConfigurationPlatforms) = postSolution
		{9BF57D9B-5B0C-4575-BD9F-088D4B500665}.Debug|Any CPU.ActiveCfg = Debug|Any CPU
		{9BF57D9B-5B0C-4575-BD9F-088D4B500665}.Debug|Any CPU.Build.0 = Debug|Any CPU
		{9BF57D9B-5B0C-4575-BD9F-088D4B500665}.Debug|x64.ActiveCfg = Debug|x64
		{9BF57D9B-5B0C-4575-BD9F-088D4B500665}.Debug|x64.Build.0 = Debug|x64
		{9BF57D9B-5B0C-4575-BD9F-088D4B500665}.Release|Any CPU.ActiveCfg = Release|Any CPU
		{9BF57D9B-5B0C-4575-BD9F-088D4B500665}.Release|Any CPU.Build.0 = Release|Any CPU
		{9BF57D9B-5B0C-4575-BD9F-088D4B500665}.Release|x64.ActiveCfg = Release|x64
		{9BF57D9B-5B0C-4575-BD9F-088D4B500665}.Release|x64.Build.0 = Release|x64
		{ABFBAE9B-18B6-491B-9AA6-BB846850E239}.Debug|Any CPU.ActiveCfg = Debug|Any CPU
		{ABFBAE9B-18B6-491B-9AA6-BB846850E239}.Debug|Any CPU.Build.0 = Debug|Any CPU
		{ABFBAE9B-18B6-491B-9AA6-BB846850E239}.Debug|x64.ActiveCfg = Debug|Any CPU
		{ABFBAE9B-18B6-491B-9AA6-BB846850E239}.Debug|x64.Build.0 = Debug|Any CPU
		{ABFBAE9B-18B6-491B-9AA6-BB846850E239}.Release|Any CPU.ActiveCfg = Release|Any CPU
		{ABFBAE9B-18B6-491B-9AA6-BB846850E239}.Release|Any CPU.Build.0 = Release|Any CPU
		{ABFBAE9B-18B6-491B-9AA6-BB846850E239}.Release|x64.ActiveCfg = Release|Any CPU
		{ABFBAE9B-18B6-491B-9AA6-BB846850E239}.Release|x64.Build.0 = Release|Any CPU
	EndGlobalSection
	GlobalSection(SolutionProperties) = preSolution
		HideSolutionNode = FALSE
	EndGlobalSection
EndGlobal
